
Microsoft Visual Studio Solution File, Format Version 12.00
# Visual Studio 15
VisualStudioVersion = 15.0.28307.438
MinimumVisualStudioVersion = 10.0.40219.1
Project("{8BC9CEB8-8B4A-11D0-8D11-00A0C91BC942}") = "01_C++书写HelloWorld", "Src\01_C++书写HelloWorld\01_C++书写HelloWorld.vcxproj", "{A4BCCD5F-8865-4951-B8A8-DC735085F328}"
EndProject
Project("{8BC9CEB8-8B4A-11D0-8D11-00A0C91BC942}") = "02_数组", "Src\02_数组\02_数组.vcxproj", "{B660331A-1B8E-4004-A1CB-C0F68FCC7C7B}"
EndProject
Project("{8BC9CEB8-8B4A-11D0-8D11-00A0C91BC942}") = "03_函数", "Src\03_函数\03_函数.vcxproj", "{352B750D-DD6F-4D22-9142-0015A92908D4}"
EndProject
Project("{8BC9CEB8-8B4A-11D0-8D11-00A0C91BC942}") = "04_指针", "Src\04_指针\04_指针.vcxproj", "{FFBB6B72-28CF-4A49-939E-FBD1B3DA1BBF}"
EndProject
Project("{8BC9CEB8-8B4A-11D0-8D11-00A0C91BC942}") = "05_结构体", "Src\05_结构体\05_结构体.vcxproj", "{DD9D974B-E6D3-4F8D-A135-20829934196F}"
EndProject
Project("{8BC9CEB8-8B4A-11D0-8D11-00A0C91BC942}") = "06_通讯录管理系统", "Src\06_通讯录管理系统\06_通讯录管理系统.vcxproj", "{952FD149-C575-481E-BCEC-C9694EA57547}"
EndProject
Project("{8BC9CEB8-8B4A-11D0-8D11-00A0C91BC942}") = "07_程序的内存模型", "Src\07_程序的内存模型\07_程序的内存模型.vcxproj", "{78590B73-66CD-46B1-B568-368AC6B5A3FD}"
EndProject
Project("{8BC9CEB8-8B4A-11D0-8D11-00A0C91BC942}") = "08_函数高级", "Src\08_函数高级\08_函数高级.vcxproj", "{FAD66FF0-3761-4BD0-8E78-34CB94737540}"
EndProject
Project("{8BC9CEB8-8B4A-11D0-8D11-00A0C91BC942}") = "09_类和对象", "Src\09_类和对象\09_类和对象.vcxproj", "{406A7D10-A955-4C66-9699-A4CB36ABF1A6}"
EndProject
Project("{8BC9CEB8-8B4A-11D0-8D11-00A0C91BC942}") = "10_对象的初始化和清理", "Src\10_对象的初始化和清理\10_对象的初始化和清理.vcxproj", "{029DF6A8-906B-4339-A7FD-069F8A369653}"
EndProject
Project("{8BC9CEB8-8B4A-11D0-8D11-00A0C91BC942}") = "11_C++对象模型和this指针", "Src\11_C++对象模型和this指针\11_C++对象模型和this指针.vcxproj", "{6B302412-39F8-4490-890D-5A2A544E622F}"
EndProject
Project("{8BC9CEB8-8B4A-11D0-8D11-00A0C91BC942}") = "12_友元", "Src\12_友元\12_友元.vcxproj", "{F41B9148-EC3D-451C-936D-FAB56541905D}"
EndProject
Project("{8BC9CEB8-8B4A-11D0-8D11-00A0C91BC942}") = "13_运算符重载", "Src\13_运算符重载\13_运算符重载.vcxproj", "{7DE43848-E538-457C-8C9E-2292566E80DA}"
EndProject
Project("{8BC9CEB8-8B4A-11D0-8D11-00A0C91BC942}") = "14_继承", "Src\14_继承\14_继承.vcxproj", "{D5036670-4CB6-4394-832D-3CD5B4409DD5}"
EndProject
Global
	GlobalSection(SolutionConfigurationPlatforms) = preSolution
		Debug|x64 = Debug|x64
		Debug|x86 = Debug|x86
		Release|x64 = Release|x64
		Release|x86 = Release|x86
	EndGlobalSection
	GlobalSection(ProjectConfigurationPlatforms) = postSolution
		{A4BCCD5F-8865-4951-B8A8-DC735085F328}.Debug|x64.ActiveCfg = Debug|x64
		{A4BCCD5F-8865-4951-B8A8-DC735085F328}.Debug|x64.Build.0 = Debug|x64
		{A4BCCD5F-8865-4951-B8A8-DC735085F328}.Debug|x86.ActiveCfg = Debug|Win32
		{A4BCCD5F-8865-4951-B8A8-DC735085F328}.Debug|x86.Build.0 = Debug|Win32
		{A4BCCD5F-8865-4951-B8A8-DC735085F328}.Release|x64.ActiveCfg = Release|x64
		{A4BCCD5F-8865-4951-B8A8-DC735085F328}.Release|x64.Build.0 = Release|x64
		{A4BCCD5F-8865-4951-B8A8-DC735085F328}.Release|x86.ActiveCfg = Release|Win32
		{A4BCCD5F-8865-4951-B8A8-DC735085F328}.Release|x86.Build.0 = Release|Win32
		{B660331A-1B8E-4004-A1CB-C0F68FCC7C7B}.Debug|x64.ActiveCfg = Debug|x64
		{B660331A-1B8E-4004-A1CB-C0F68FCC7C7B}.Debug|x64.Build.0 = Debug|x64
		{B660331A-1B8E-4004-A1CB-C0F68FCC7C7B}.Debug|x86.ActiveCfg = Debug|Win32
		{B660331A-1B8E-4004-A1CB-C0F68FCC7C7B}.Debug|x86.Build.0 = Debug|Win32
		{B660331A-1B8E-4004-A1CB-C0F68FCC7C7B}.Release|x64.ActiveCfg = Release|x64
		{B660331A-1B8E-4004-A1CB-C0F68FCC7C7B}.Release|x64.Build.0 = Release|x64
		{B660331A-1B8E-4004-A1CB-C0F68FCC7C7B}.Release|x86.ActiveCfg = Release|Win32
		{B660331A-1B8E-4004-A1CB-C0F68FCC7C7B}.Release|x86.Build.0 = Release|Win32
		{352B750D-DD6F-4D22-9142-0015A92908D4}.Debug|x64.ActiveCfg = Debug|x64
		{352B750D-DD6F-4D22-9142-0015A92908D4}.Debug|x64.Build.0 = Debug|x64
		{352B750D-DD6F-4D22-9142-0015A92908D4}.Debug|x86.ActiveCfg = Debug|Win32
		{352B750D-DD6F-4D22-9142-0015A92908D4}.Debug|x86.Build.0 = Debug|Win32
		{352B750D-DD6F-4D22-9142-0015A92908D4}.Release|x64.ActiveCfg = Release|x64
		{352B750D-DD6F-4D22-9142-0015A92908D4}.Release|x64.Build.0 = Release|x64
		{352B750D-DD6F-4D22-9142-0015A92908D4}.Release|x86.ActiveCfg = Release|Win32
		{352B750D-DD6F-4D22-9142-0015A92908D4}.Release|x86.Build.0 = Release|Win32
		{FFBB6B72-28CF-4A49-939E-FBD1B3DA1BBF}.Debug|x64.ActiveCfg = Debug|x64
		{FFBB6B72-28CF-4A49-939E-FBD1B3DA1BBF}.Debug|x64.Build.0 = Debug|x64
		{FFBB6B72-28CF-4A49-939E-FBD1B3DA1BBF}.Debug|x86.ActiveCfg = Debug|Win32
		{FFBB6B72-28CF-4A49-939E-FBD1B3DA1BBF}.Debug|x86.Build.0 = Debug|Win32
		{FFBB6B72-28CF-4A49-939E-FBD1B3DA1BBF}.Release|x64.ActiveCfg = Release|x64
		{FFBB6B72-28CF-4A49-939E-FBD1B3DA1BBF}.Release|x64.Build.0 = Release|x64
		{FFBB6B72-28CF-4A49-939E-FBD1B3DA1BBF}.Release|x86.ActiveCfg = Release|Win32
		{FFBB6B72-28CF-4A49-939E-FBD1B3DA1BBF}.Release|x86.Build.0 = Release|Win32
		{DD9D974B-E6D3-4F8D-A135-20829934196F}.Debug|x64.ActiveCfg = Debug|x64
		{DD9D974B-E6D3-4F8D-A135-20829934196F}.Debug|x64.Build.0 = Debug|x64
		{DD9D974B-E6D3-4F8D-A135-20829934196F}.Debug|x86.ActiveCfg = Debug|Win32
		{DD9D974B-E6D3-4F8D-A135-20829934196F}.Debug|x86.Build.0 = Debug|Win32
		{DD9D974B-E6D3-4F8D-A135-20829934196F}.Release|x64.ActiveCfg = Release|x64
		{DD9D974B-E6D3-4F8D-A135-20829934196F}.Release|x64.Build.0 = Release|x64
		{DD9D974B-E6D3-4F8D-A135-20829934196F}.Release|x86.ActiveCfg = Release|Win32
		{DD9D974B-E6D3-4F8D-A135-20829934196F}.Release|x86.Build.0 = Release|Win32
		{952FD149-C575-481E-BCEC-C9694EA57547}.Debug|x64.ActiveCfg = Debug|x64
		{952FD149-C575-481E-BCEC-C9694EA57547}.Debug|x64.Build.0 = Debug|x64
		{952FD149-C575-481E-BCEC-C9694EA57547}.Debug|x86.ActiveCfg = Debug|Win32
		{952FD149-C575-481E-BCEC-C9694EA57547}.Debug|x86.Build.0 = Debug|Win32
		{952FD149-C575-481E-BCEC-C9694EA57547}.Release|x64.ActiveCfg = Release|x64
		{952FD149-C575-481E-BCEC-C9694EA57547}.Release|x64.Build.0 = Release|x64
		{952FD149-C575-481E-BCEC-C9694EA57547}.Release|x86.ActiveCfg = Release|Win32
		{952FD149-C575-481E-BCEC-C9694EA57547}.Release|x86.Build.0 = Release|Win32
		{78590B73-66CD-46B1-B568-368AC6B5A3FD}.Debug|x64.ActiveCfg = Debug|x64
		{78590B73-66CD-46B1-B568-368AC6B5A3FD}.Debug|x64.Build.0 = Debug|x64
		{78590B73-66CD-46B1-B568-368AC6B5A3FD}.Debug|x86.ActiveCfg = Debug|Win32
		{78590B73-66CD-46B1-B568-368AC6B5A3FD}.Debug|x86.Build.0 = Debug|Win32
		{78590B73-66CD-46B1-B568-368AC6B5A3FD}.Release|x64.ActiveCfg = Release|x64
		{78590B73-66CD-46B1-B568-368AC6B5A3FD}.Release|x64.Build.0 = Release|x64
		{78590B73-66CD-46B1-B568-368AC6B5A3FD}.Release|x86.ActiveCfg = Release|Win32
		{78590B73-66CD-46B1-B568-368AC6B5A3FD}.Release|x86.Build.0 = Release|Win32
		{FAD66FF0-3761-4BD0-8E78-34CB94737540}.Debug|x64.ActiveCfg = Debug|x64
		{FAD66FF0-3761-4BD0-8E78-34CB94737540}.Debug|x64.Build.0 = Debug|x64
		{FAD66FF0-3761-4BD0-8E78-34CB94737540}.Debug|x86.ActiveCfg = Debug|Win32
		{FAD66FF0-3761-4BD0-8E78-34CB94737540}.Debug|x86.Build.0 = Debug|Win32
		{FAD66FF0-3761-4BD0-8E78-34CB94737540}.Release|x64.ActiveCfg = Release|x64
		{FAD66FF0-3761-4BD0-8E78-34CB94737540}.Release|x64.Build.0 = Release|x64
		{FAD66FF0-3761-4BD0-8E78-34CB94737540}.Release|x86.ActiveCfg = Release|Win32
		{FAD66FF0-3761-4BD0-8E78-34CB94737540}.Release|x86.Build.0 = Release|Win32
		{406A7D10-A955-4C66-9699-A4CB36ABF1A6}.Debug|x64.ActiveCfg = Debug|x64
		{406A7D10-A955-4C66-9699-A4CB36ABF1A6}.Debug|x64.Build.0 = Debug|x64
		{406A7D10-A955-4C66-9699-A4CB36ABF1A6}.Debug|x86.ActiveCfg = Debug|Win32
		{406A7D10-A955-4C66-9699-A4CB36ABF1A6}.Debug|x86.Build.0 = Debug|Win32
		{406A7D10-A955-4C66-9699-A4CB36ABF1A6}.Release|x64.ActiveCfg = Release|x64
		{406A7D10-A955-4C66-9699-A4CB36ABF1A6}.Release|x64.Build.0 = Release|x64
		{406A7D10-A955-4C66-9699-A4CB36ABF1A6}.Release|x86.ActiveCfg = Release|Win32
		{406A7D10-A955-4C66-9699-A4CB36ABF1A6}.Release|x86.Build.0 = Release|Win32
		{029DF6A8-906B-4339-A7FD-069F8A369653}.Debug|x64.ActiveCfg = Debug|x64
		{029DF6A8-906B-4339-A7FD-069F8A369653}.Debug|x64.Build.0 = Debug|x64
		{029DF6A8-906B-4339-A7FD-069F8A369653}.Debug|x86.ActiveCfg = Debug|Win32
		{029DF6A8-906B-4339-A7FD-069F8A369653}.Debug|x86.Build.0 = Debug|Win32
		{029DF6A8-906B-4339-A7FD-069F8A369653}.Release|x64.ActiveCfg = Release|x64
		{029DF6A8-906B-4339-A7FD-069F8A369653}.Release|x64.Build.0 = Release|x64
		{029DF6A8-906B-4339-A7FD-069F8A369653}.Release|x86.ActiveCfg = Release|Win32
		{029DF6A8-906B-4339-A7FD-069F8A369653}.Release|x86.Build.0 = Release|Win32
		{6B302412-39F8-4490-890D-5A2A544E622F}.Debug|x64.ActiveCfg = Debug|x64
		{6B302412-39F8-4490-890D-5A2A544E622F}.Debug|x64.Build.0 = Debug|x64
		{6B302412-39F8-4490-890D-5A2A544E622F}.Debug|x86.ActiveCfg = Debug|Win32
		{6B302412-39F8-4490-890D-5A2A544E622F}.Debug|x86.Build.0 = Debug|Win32
		{6B302412-39F8-4490-890D-5A2A544E622F}.Release|x64.ActiveCfg = Release|x64
		{6B302412-39F8-4490-890D-5A2A544E622F}.Release|x64.Build.0 = Release|x64
		{6B302412-39F8-4490-890D-5A2A544E622F}.Release|x86.ActiveCfg = Release|Win32
		{6B302412-39F8-4490-890D-5A2A544E622F}.Release|x86.Build.0 = Release|Win32
		{F41B9148-EC3D-451C-936D-FAB56541905D}.Debug|x64.ActiveCfg = Debug|x64
		{F41B9148-EC3D-451C-936D-FAB56541905D}.Debug|x64.Build.0 = Debug|x64
		{F41B9148-EC3D-451C-936D-FAB56541905D}.Debug|x86.ActiveCfg = Debug|Win32
		{F41B9148-EC3D-451C-936D-FAB56541905D}.Debug|x86.Build.0 = Debug|Win32
		{F41B9148-EC3D-451C-936D-FAB56541905D}.Release|x64.ActiveCfg = Release|x64
		{F41B9148-EC3D-451C-936D-FAB56541905D}.Release|x64.Build.0 = Release|x64
		{F41B9148-EC3D-451C-936D-FAB56541905D}.Release|x86.ActiveCfg = Release|Win32
		{F41B9148-EC3D-451C-936D-FAB56541905D}.Release|x86.Build.0 = Release|Win32
		{7DE43848-E538-457C-8C9E-2292566E80DA}.Debug|x64.ActiveCfg = Debug|x64
		{7DE43848-E538-457C-8C9E-2292566E80DA}.Debug|x64.Build.0 = Debug|x64
		{7DE43848-E538-457C-8C9E-2292566E80DA}.Debug|x86.ActiveCfg = Debug|Win32
		{7DE43848-E538-457C-8C9E-2292566E80DA}.Debug|x86.Build.0 = Debug|Win32
		{7DE43848-E538-457C-8C9E-2292566E80DA}.Release|x64.ActiveCfg = Release|x64
		{7DE43848-E538-457C-8C9E-2292566E80DA}.Release|x64.Build.0 = Release|x64
		{7DE43848-E538-457C-8C9E-2292566E80DA}.Release|x86.ActiveCfg = Release|Win32
		{7DE43848-E538-457C-8C9E-2292566E80DA}.Release|x86.Build.0 = Release|Win32
		{D5036670-4CB6-4394-832D-3CD5B4409DD5}.Debug|x64.ActiveCfg = Debug|x64
		{D5036670-4CB6-4394-832D-3CD5B4409DD5}.Debug|x64.Build.0 = Debug|x64
		{D5036670-4CB6-4394-832D-3CD5B4409DD5}.Debug|x86.ActiveCfg = Debug|Win32
		{D5036670-4CB6-4394-832D-3CD5B4409DD5}.Debug|x86.Build.0 = Debug|Win32
		{D5036670-4CB6-4394-832D-3CD5B4409DD5}.Release|x64.ActiveCfg = Release|x64
		{D5036670-4CB6-4394-832D-3CD5B4409DD5}.Release|x64.Build.0 = Release|x64
		{D5036670-4CB6-4394-832D-3CD5B4409DD5}.Release|x86.ActiveCfg = Release|Win32
		{D5036670-4CB6-4394-832D-3CD5B4409DD5}.Release|x86.Build.0 = Release|Win32
	EndGlobalSection
	GlobalSection(SolutionProperties) = preSolution
		HideSolutionNode = FALSE
	EndGlobalSection
	GlobalSection(ExtensibilityGlobals) = postSolution
		SolutionGuid = {FED50D2F-68F6-4E67-BDBE-03A8ECAD1B33}
	EndGlobalSection
EndGlobal
