<?xml version="1.0" encoding="utf-8"?>
<Project ToolsVersion="4.0" xmlns="http://schemas.microsoft.com/developer/msbuild/2003">
  <ItemGroup>
    <Filter Include="源文件">
      <UniqueIdentifier>{4FC737F1-C7A5-4376-A066-2A32D752A2FF}</UniqueIdentifier>
      <Extensions>cpp;c;cc;cxx;def;odl;idl;hpj;bat;asm;asmx</Extensions>
    </Filter>
    <Filter Include="头文件">
      <UniqueIdentifier>{93995380-89BD-4b04-88EB-625FBE52EBFB}</UniqueIdentifier>
      <Extensions>h;hh;hpp;hxx;hm;inl;inc;ipp;xsd</Extensions>
    </Filter>
    <Filter Include="资源文件">
      <UniqueIdentifier>{67DA6AB6-F800-4c08-8B7A-83BB121AAD01}</UniqueIdentifier>
      <Extensions>rc;ico;cur;bmp;dlg;rc2;rct;bin;rgs;gif;jpg;jpeg;jpe;resx;tiff;tif;png;wav;mfcribbon-ms</Extensions>
    </Filter>
  </ItemGroup>
  <ItemGroup>
    <ClCompile Include="01_STL初识-vector存放内置数据类型.cpp">
      <Filter>源文件</Filter>
    </ClCompile>
    <ClCompile Include="02_容器存放自定义数据类型.cpp">
      <Filter>源文件</Filter>
    </ClCompile>
    <ClCompile Include="03_容器的嵌套容器.cpp">
      <Filter>源文件</Filter>
    </ClCompile>
    <ClCompile Include="04_string容器_构造函数.cpp">
      <Filter>源文件</Filter>
    </ClCompile>
    <ClCompile Include="05_string容器_赋值操作.cpp">
      <Filter>源文件</Filter>
    </ClCompile>
    <ClCompile Include="06_string容器_拼接操作.cpp">
      <Filter>源文件</Filter>
    </ClCompile>
    <ClCompile Include="07_string容器_字符串的查找和替换.cpp">
      <Filter>源文件</Filter>
    </ClCompile>
    <ClCompile Include="08_string容器_字符串比较.cpp">
      <Filter>源文件</Filter>
    </ClCompile>
    <ClCompile Include="09_string容器_字符存取.cpp">
      <Filter>源文件</Filter>
    </ClCompile>
    <ClCompile Include="10_string容器_字符串的插入和删除.cpp">
      <Filter>源文件</Filter>
    </ClCompile>
    <ClCompile Include="11_string容器_string截取字符串.cpp">
      <Filter>源文件</Filter>
    </ClCompile>
    <ClCompile Include="12_vector容器_构造函数.cpp">
      <Filter>源文件</Filter>
    </ClCompile>
    <ClCompile Include="13_vector容器_赋值操作.cpp">
      <Filter>源文件</Filter>
    </ClCompile>
    <ClCompile Include="14_vector容器_vector容器的容量.cpp">
      <Filter>源文件</Filter>
    </ClCompile>
    <ClCompile Include="15_vector容器_vector插入和删除.cpp">
      <Filter>源文件</Filter>
    </ClCompile>
    <ClCompile Include="16_vector容器_vector数据存取.cpp">
      <Filter>源文件</Filter>
    </ClCompile>
    <ClCompile Include="17_vector容器_vector容器的互换.cpp">
      <Filter>源文件</Filter>
    </ClCompile>
    <ClCompile Include="18_vector容器_vector容器的预留空间.cpp">
      <Filter>源文件</Filter>
    </ClCompile>
    <ClCompile Include="19_deque容器_deque容器的构造函数.cpp">
      <Filter>源文件</Filter>
    </ClCompile>
    <ClCompile Include="20_deque容器_deque容器的赋值操作.cpp">
      <Filter>源文件</Filter>
    </ClCompile>
    <ClCompile Include="21_deque容器_deque容器的大小操作.cpp">
      <Filter>源文件</Filter>
    </ClCompile>
    <ClCompile Include="22_deque容器_deque容器的插入删除.cpp">
      <Filter>源文件</Filter>
    </ClCompile>
    <ClCompile Include="23_deque容器_deque容器的数据存储.cpp">
      <Filter>源文件</Filter>
    </ClCompile>
    <ClCompile Include="24_deque容器_deque容器的排序.cpp">
      <Filter>源文件</Filter>
    </ClCompile>
    <ClCompile Include="25_STL案例1_评委打分.cpp">
      <Filter>源文件</Filter>
    </ClCompile>
    <ClCompile Include="26_stack容器_构造函数.cpp">
      <Filter>源文件</Filter>
    </ClCompile>
    <ClCompile Include="27_queue容器.cpp">
      <Filter>源文件</Filter>
    </ClCompile>
    <ClCompile Include="28_list容器_构造函数.cpp">
      <Filter>源文件</Filter>
    </ClCompile>
    <ClCompile Include="29_list容器_赋值和交换.cpp">
      <Filter>源文件</Filter>
    </ClCompile>
    <ClCompile Include="30_list容器_大小操作.cpp">
      <Filter>源文件</Filter>
    </ClCompile>
    <ClCompile Include="31_list容器_插入删除.cpp">
      <Filter>源文件</Filter>
    </ClCompile>
    <ClCompile Include="32_list容器_数据存取.cpp">
      <Filter>源文件</Filter>
    </ClCompile>
    <ClCompile Include="33_list容器_反转和排序.cpp">
      <Filter>源文件</Filter>
    </ClCompile>
    <ClCompile Include="34_list容器_排序案例.cpp">
      <Filter>源文件</Filter>
    </ClCompile>
    <ClCompile Include="35_set容器_构造和赋值.cpp">
      <Filter>源文件</Filter>
    </ClCompile>
    <ClCompile Include="37_set容器_插入和删除.cpp">
      <Filter>源文件</Filter>
    </ClCompile>
    <ClCompile Include="36_set容器_大小和交换.cpp">
      <Filter>源文件</Filter>
    </ClCompile>
    <ClCompile Include="38_set容器_查找和统计.cpp">
      <Filter>源文件</Filter>
    </ClCompile>
    <ClCompile Include="39_set容器_set和multiset的区别.cpp">
      <Filter>源文件</Filter>
    </ClCompile>
    <ClCompile Include="40_pair对组_对组的创建.cpp">
      <Filter>源文件</Filter>
    </ClCompile>
    <ClCompile Include="41_set容器_set容器的排序.cpp">
      <Filter>源文件</Filter>
    </ClCompile>
    <ClCompile Include="42_set容器_排序(自定义类型).cpp">
      <Filter>源文件</Filter>
    </ClCompile>
    <ClCompile Include="43_map容器_构造和赋值.cpp">
      <Filter>源文件</Filter>
    </ClCompile>
    <ClCompile Include="44_map容器_大小和交换.cpp">
      <Filter>源文件</Filter>
    </ClCompile>
    <ClCompile Include="45_map容器_插入和删除.cpp">
      <Filter>源文件</Filter>
    </ClCompile>
    <ClCompile Include="46_map容器_查找和统计.cpp">
      <Filter>源文件</Filter>
    </ClCompile>
    <ClCompile Include="47_map容器_排序.cpp">
      <Filter>源文件</Filter>
    </ClCompile>
  </ItemGroup>
</Project>