<?xml version="1.0" encoding="utf-8"?>
<Project ToolsVersion="4.0" xmlns="http://schemas.microsoft.com/developer/msbuild/2003">
  <ItemGroup>
    <Filter Include="源文件">
      <UniqueIdentifier>{4FC737F1-C7A5-4376-A066-2A32D752A2FF}</UniqueIdentifier>
      <Extensions>cpp;c;cc;cxx;def;odl;idl;hpj;bat;asm;asmx</Extensions>
    </Filter>
    <Filter Include="头文件">
      <UniqueIdentifier>{93995380-89BD-4b04-88EB-625FBE52EBFB}</UniqueIdentifier>
      <Extensions>h;hh;hpp;hxx;hm;inl;inc;ipp;xsd</Extensions>
    </Filter>
    <Filter Include="资源文件">
      <UniqueIdentifier>{67DA6AB6-F800-4c08-8B7A-83BB121AAD01}</UniqueIdentifier>
      <Extensions>rc;ico;cur;bmp;dlg;rc2;rct;bin;rgs;gif;jpg;jpeg;jpe;resx;tiff;tif;png;wav;mfcribbon-ms</Extensions>
    </Filter>
  </ItemGroup>
  <ItemGroup>
    <ClCompile Include="01_C++书写HelloWorld.cpp">
      <Filter>源文件</Filter>
    </ClCompile>
    <ClCompile Include="02_注释.cpp">
      <Filter>源文件</Filter>
    </ClCompile>
    <ClCompile Include="03_变量.cpp">
      <Filter>源文件</Filter>
    </ClCompile>
    <ClCompile Include="04_常量.cpp">
      <Filter>源文件</Filter>
    </ClCompile>
    <ClCompile Include="05_关键字.cpp">
      <Filter>源文件</Filter>
    </ClCompile>
    <ClCompile Include="06_标识符.cpp">
      <Filter>源文件</Filter>
    </ClCompile>
    <ClCompile Include="07_数据类型_整型.cpp">
      <Filter>源文件</Filter>
    </ClCompile>
    <ClCompile Include="08_数据类型_sizeof关键字.cpp">
      <Filter>源文件</Filter>
    </ClCompile>
    <ClCompile Include="09_浮点型.cpp">
      <Filter>源文件</Filter>
    </ClCompile>
    <ClCompile Include="10_字符型.cpp">
      <Filter>源文件</Filter>
    </ClCompile>
    <ClCompile Include="11_转义字符.cpp">
      <Filter>源文件</Filter>
    </ClCompile>
    <ClCompile Include="12_字符串型.cpp">
      <Filter>源文件</Filter>
    </ClCompile>
    <ClCompile Include="13_布尔数据类型.cpp">
      <Filter>源文件</Filter>
    </ClCompile>
    <ClCompile Include="14_数据类型-数据的输入.cpp">
      <Filter>源文件</Filter>
    </ClCompile>
    <ClCompile Include="15_算术运算符-加减乘除运算.cpp">
      <Filter>源文件</Filter>
    </ClCompile>
    <ClCompile Include="16_算术运算符-取模运算.cpp">
      <Filter>源文件</Filter>
    </ClCompile>
    <ClCompile Include="17_算术运算符-递增递减.cpp">
      <Filter>源文件</Filter>
    </ClCompile>
    <ClCompile Include="18_运算符-赋值运算符.cpp">
      <Filter>源文件</Filter>
    </ClCompile>
    <ClCompile Include="19_运算符-比较运算符.cpp">
      <Filter>源文件</Filter>
    </ClCompile>
    <ClCompile Include="20_运算符-逻辑运算符_非.cpp">
      <Filter>源文件</Filter>
    </ClCompile>
    <ClCompile Include="21_运算符-逻辑运算符_与.cpp">
      <Filter>源文件</Filter>
    </ClCompile>
    <ClCompile Include="22_运算符-逻辑运算符_或.cpp">
      <Filter>源文件</Filter>
    </ClCompile>
    <ClCompile Include="23_程序流程控制-选择结构_单行语句.cpp">
      <Filter>源文件</Filter>
    </ClCompile>
    <ClCompile Include="24_程序流程控制-选择结构_多行语句.cpp">
      <Filter>源文件</Filter>
    </ClCompile>
    <ClCompile Include="25_程序流程控制-选择结构_多条件的if语句.cpp">
      <Filter>源文件</Filter>
    </ClCompile>
    <ClCompile Include="26_程序流程控制-选择结构_嵌套if语句.cpp">
      <Filter>源文件</Filter>
    </ClCompile>
    <ClCompile Include="27_程序流程控制-选择结构案例_三只小猪称体重.cpp">
      <Filter>源文件</Filter>
    </ClCompile>
    <ClCompile Include="28_程序流程控制-选择结构_三目运算符.cpp">
      <Filter>源文件</Filter>
    </ClCompile>
    <ClCompile Include="29_程序流程控制-选择结构_switch语句.cpp">
      <Filter>源文件</Filter>
    </ClCompile>
    <ClCompile Include="30_程序流程控制-循环结构_while语句.cpp">
      <Filter>源文件</Filter>
    </ClCompile>
    <ClCompile Include="31_程序流程控制-循环结构案例_猜数字.cpp">
      <Filter>源文件</Filter>
    </ClCompile>
    <ClCompile Include="32_程序流程控制-循环结构_doWhile语句.cpp">
      <Filter>源文件</Filter>
    </ClCompile>
    <ClCompile Include="33_程序流程控制-循环结构案例_水仙花数.cpp">
      <Filter>源文件</Filter>
    </ClCompile>
    <ClCompile Include="34_程序流程控制-循环结构_for循环.cpp">
      <Filter>源文件</Filter>
    </ClCompile>
  </ItemGroup>
</Project>